# @generated by Move, please check-in and do not edit manually.

[move]
version = 3
manifest_digest = "E438A36CD91587AF3B02A0DF4C6B5477B63BD38B7D3FD64E4924C7DD7D7F2C50"
deps_digest = "F8BBB0CCB2491CA29A3DF03D6F92277A4F3574266507ACD77214D37ECA3F3082"
dependencies = [
  { id = "Sui", name = "Sui" },
]

[[move.package]]
id = "MoveStdlib"
source = { git = "https://github.com/MystenLabs/sui.git", rev = "framework/testnet", subdir = "crates/sui-framework/packages/move-stdlib" }

[[move.package]]
id = "Sui"
source = { git = "https://github.com/MystenLabs/sui.git", rev = "framework/testnet", subdir = "crates/sui-framework/packages/sui-framework" }

dependencies = [
  { id = "MoveStdlib", name = "MoveStdlib" },
]

[move.toolchain-version]
compiler-version = "1.40.1"
edition = "2024.beta"
flavor = "sui"

[env]

[env.testnet]
chain-id = "4c78adac"
original-published-id = "0xd881a399b170c8a0af91053bd26824281b19d65f0cdbdc4dc6f23586a3f6fe8d"
latest-published-id = "0xd881a399b170c8a0af91053bd26824281b19d65f0cdbdc4dc6f23586a3f6fe8d"
published-version = "1"
